
Microsoft Visual Studio Solution File, Format Version 12.00
# Visual Studio 14
VisualStudioVersion = 14.0.25420.1
MinimumVisualStudioVersion = 10.0.40219.1
Project("{F2A71F9B-5D33-465A-A702-920D77279786}") = "Algorithm", "Algorithm\Algorithm.fsproj", "{39BD2D0F-DB6A-422E-859D-7066866D25E4}"
EndProject
Project("{930C7802-8A8C-48F9-8165-68863BCCD9DD}") = "Setup", "Setup\Setup.wixproj", "{6534554C-2E3C-49CA-9E62-A546899FF255}"
	ProjectSection(ProjectDependencies) = postProject
		{39BD2D0F-DB6A-422E-859D-7066866D25E4} = {39BD2D0F-DB6A-422E-859D-7066866D25E4}
	EndProjectSection
EndProject
Project("{F2A71F9B-5D33-465A-A702-920D77279786}") = "UI", "UI\UI.fsproj", "{5CB22716-B36A-4783-B401-9536B57AC4EB}"
EndProject
Global
	GlobalSection(SolutionConfigurationPlatforms) = preSolution
		Debug|Any CPU = Debug|Any CPU
		Debug|x86 = Debug|x86
		Release|Any CPU = Release|Any CPU
		Release|x86 = Release|x86
	EndGlobalSection
	GlobalSection(ProjectConfigurationPlatforms) = postSolution
		{39BD2D0F-DB6A-422E-859D-7066866D25E4}.Debug|Any CPU.ActiveCfg = Debug|Any CPU
		{39BD2D0F-DB6A-422E-859D-7066866D25E4}.Debug|Any CPU.Build.0 = Debug|Any CPU
		{39BD2D0F-DB6A-422E-859D-7066866D25E4}.Debug|x86.ActiveCfg = Debug|Any CPU
		{39BD2D0F-DB6A-422E-859D-7066866D25E4}.Debug|x86.Build.0 = Debug|Any CPU
		{39BD2D0F-DB6A-422E-859D-7066866D25E4}.Release|Any CPU.ActiveCfg = Release|Any CPU
		{39BD2D0F-DB6A-422E-859D-7066866D25E4}.Release|Any CPU.Build.0 = Release|Any CPU
		{39BD2D0F-DB6A-422E-859D-7066866D25E4}.Release|x86.ActiveCfg = Release|Any CPU
		{39BD2D0F-DB6A-422E-859D-7066866D25E4}.Release|x86.Build.0 = Release|Any CPU
		{6534554C-2E3C-49CA-9E62-A546899FF255}.Debug|Any CPU.ActiveCfg = Debug|x86
		{6534554C-2E3C-49CA-9E62-A546899FF255}.Debug|x86.ActiveCfg = Debug|x86
		{6534554C-2E3C-49CA-9E62-A546899FF255}.Debug|x86.Build.0 = Debug|x86
		{6534554C-2E3C-49CA-9E62-A546899FF255}.Release|Any CPU.ActiveCfg = Release|x86
		{6534554C-2E3C-49CA-9E62-A546899FF255}.Release|x86.ActiveCfg = Release|x86
		{6534554C-2E3C-49CA-9E62-A546899FF255}.Release|x86.Build.0 = Release|x86
		{5CB22716-B36A-4783-B401-9536B57AC4EB}.Debug|Any CPU.ActiveCfg = Debug|Any CPU
		{5CB22716-B36A-4783-B401-9536B57AC4EB}.Debug|Any CPU.Build.0 = Debug|Any CPU
		{5CB22716-B36A-4783-B401-9536B57AC4EB}.Debug|x86.ActiveCfg = Debug|Any CPU
		{5CB22716-B36A-4783-B401-9536B57AC4EB}.Debug|x86.Build.0 = Debug|Any CPU
		{5CB22716-B36A-4783-B401-9536B57AC4EB}.Release|Any CPU.ActiveCfg = Release|Any CPU
		{5CB22716-B36A-4783-B401-9536B57AC4EB}.Release|Any CPU.Build.0 = Release|Any CPU
		{5CB22716-B36A-4783-B401-9536B57AC4EB}.Release|x86.ActiveCfg = Release|Any CPU
		{5CB22716-B36A-4783-B401-9536B57AC4EB}.Release|x86.Build.0 = Release|Any CPU
	EndGlobalSection
	GlobalSection(SolutionProperties) = preSolution
		HideSolutionNode = FALSE
	EndGlobalSection
EndGlobal
